
Microsoft Visual Studio Solution File, Format Version 12.00
# Visual Studio Version 16
VisualStudioVersion = 16.0.30804.86
MinimumVisualStudioVersion = 10.0.40219.1
Project("{FAE04EC0-301F-11D3-BF4B-00C04F79EFBC}") = "Vecindad", "Vecindad.csproj", "{8F2F50E4-6C42-4777-AC2A-7655960D045D}"
EndProject
Global
	GlobalSection(SolutionConfigurationPlatforms) = preSolution
		Debug|Any CPU = Debug|Any CPU
		Release|Any CPU = Release|Any CPU
	EndGlobalSection
	GlobalSection(ProjectConfigurationPlatforms) = postSolution
		{8F2F50E4-6C42-4777-AC2A-7655960D045D}.Debug|Any CPU.ActiveCfg = Debug|Any CPU
		{8F2F50E4-6C42-4777-AC2A-7655960D045D}.Debug|Any CPU.Build.0 = Debug|Any CPU
		{8F2F50E4-6C42-4777-AC2A-7655960D045D}.Release|Any CPU.ActiveCfg = Release|Any CPU
		{8F2F50E4-6C42-4777-AC2A-7655960D045D}.Release|Any CPU.Build.0 = Release|Any CPU
	EndGlobalSection
	GlobalSection(SolutionProperties) = preSolution
		HideSolutionNode = FALSE
	EndGlobalSection
	GlobalSection(ExtensibilityGlobals) = postSolution
		SolutionGuid = {84F8E891-16F6-4370-8D23-696A9EA38C19}
	EndGlobalSection
EndGlobal
